
Microsoft Visual Studio Solution File, Format Version 12.00
# Visual Studio Version 16
VisualStudioVersion = 16.0.30114.105
MinimumVisualStudioVersion = 10.0.40219.1
Project("{2150E333-8FDC-42A3-9474-1A3956D46DE8}") = "_Dependencies", "_Dependencies", "{696B3A92-F44E-44B3-8225-4A0E3C3E33AE}"
EndProject
Project("{9A19103F-16F7-4668-BE54-9A1E7A4F7556}") = "R5T.D0117.Base", "R5T.D0117.Base\R5T.D0117.Base.csproj", "{AF6AB551-CBA3-4B21-80C8-71E3CE1BC44E}"
EndProject
Project("{9A19103F-16F7-4668-BE54-9A1E7A4F7556}") = "R5T.D0117.I001", "R5T.D0117.I001\R5T.D0117.I001.csproj", "{AD0DB34B-569E-4F75-9177-D053017DE39F}"
EndProject
Project("{9A19103F-16F7-4668-BE54-9A1E7A4F7556}") = "R5T.T0064", "..\..\R5T.T0064\source\R5T.T0064\R5T.T0064.csproj", "{8A60FC7B-BE44-4D0B-9B23-FF58EF65D58F}"
EndProject
Project("{9A19103F-16F7-4668-BE54-9A1E7A4F7556}") = "R5T.T0062.X001", "..\..\R5T.T0062\source\R5T.T0062.X001\R5T.T0062.X001.csproj", "{4F374836-4A4D-4CD9-B3E9-3D380865F2D7}"
EndProject
Project("{9A19103F-16F7-4668-BE54-9A1E7A4F7556}") = "R5T.D0078.Base", "..\..\R5T.D0078\source\R5T.D0078.Base\R5T.D0078.Base.csproj", "{100B2F0D-B66F-474F-9A03-D6C0A94072FA}"
EndProject
Project("{9A19103F-16F7-4668-BE54-9A1E7A4F7556}") = "R5T.Lombardy.Base", "..\..\R5T.Lombardy.Base\source\R5T.Lombardy.Base\R5T.Lombardy.Base.csproj", "{C6FCEA91-DFE1-439D-8C00-66BDDF999FB7}"
EndProject
Project("{9A19103F-16F7-4668-BE54-9A1E7A4F7556}") = "R5T.D0079.Base", "..\..\R5T.D0079\source\R5T.D0079.Base\R5T.D0079.Base.csproj", "{C61DC4AC-590E-4C1F-8CD6-12A15EDF5745}"
EndProject
Project("{9A19103F-16F7-4668-BE54-9A1E7A4F7556}") = "R5T.D0083.Base", "..\..\R5T.D0083\source\R5T.D0083.Base\R5T.D0083.Base.csproj", "{BAC41CE2-9EAD-42F8-9F5D-BA42627A033B}"
EndProject
Project("{9A19103F-16F7-4668-BE54-9A1E7A4F7556}") = "R5T.D0117.X001", "R5T.D0117.X001\R5T.D0117.X001.csproj", "{68BDE743-8A71-4942-ABAD-247DA62B4579}"
EndProject
Project("{9A19103F-16F7-4668-BE54-9A1E7A4F7556}") = "R5T.T0127", "..\..\R5T.T0127\source\R5T.T0127\R5T.T0127.csproj", "{BDD46D05-533B-47B1-8F15-315452EC1D46}"
EndProject
Project("{9A19103F-16F7-4668-BE54-9A1E7A4F7556}") = "R5T.D0116", "..\..\R5T.D0116\source\R5T.D0116\R5T.D0116.csproj", "{1BF2762A-74AC-4256-AD9D-1E213AA0EDB1}"
EndProject
Project("{9A19103F-16F7-4668-BE54-9A1E7A4F7556}") = "R5T.T0040.X001", "..\..\R5T.T0040\source\R5T.T0040.X001\R5T.T0040.X001.csproj", "{C51376DD-7DBB-40D4-ADBD-AA46B0904C12}"
EndProject
Project("{9A19103F-16F7-4668-BE54-9A1E7A4F7556}") = "R5T.T0044.X001", "..\..\R5T.T0044\source\R5T.T0044.X001\R5T.T0044.X001.csproj", "{E5047FBD-E9BC-40D7-923B-E3E9AC19DD38}"
EndProject
Project("{9A19103F-16F7-4668-BE54-9A1E7A4F7556}") = "R5T.T0045.X001", "..\..\R5T.T0045\source\R5T.T0045.X001\R5T.T0045.X001.csproj", "{C9BCECE2-83C8-49AF-A585-BC1118EA3204}"
EndProject
Project("{9A19103F-16F7-4668-BE54-9A1E7A4F7556}") = "R5T.T0127.X001", "..\..\R5T.T0127\source\R5T.T0127.X001\R5T.T0127.X001.csproj", "{5EFE4B3D-002F-4F45-BE14-D70842D6D478}"
EndProject
Project("{9A19103F-16F7-4668-BE54-9A1E7A4F7556}") = "R5T.X0002", "..\..\R5T.X0002\source\R5T.X0002\R5T.X0002.csproj", "{223AE38E-61DA-40AF-B50A-FDF100E9BBFE}"
EndProject
Project("{9A19103F-16F7-4668-BE54-9A1E7A4F7556}") = "R5T.X0003.X003", "..\..\R5T.X0003\source\R5T.X0003.X003\R5T.X0003.X003.csproj", "{50E07AD9-B07E-496F-AE46-94129C64C33C}"
EndProject
Project("{9A19103F-16F7-4668-BE54-9A1E7A4F7556}") = "R5T.X0003.X002", "..\..\R5T.X0003\source\R5T.X0003.X002\R5T.X0003.X002.csproj", "{DB0E5B32-1CAF-4FCB-BFC8-DD696BB5FDAF}"
EndProject
Project("{9A19103F-16F7-4668-BE54-9A1E7A4F7556}") = "R5T.D0116.X001", "..\..\R5T.D0116\source\R5T.D0116.X001\R5T.D0116.X001.csproj", "{143E33EC-EFAE-4A77-B5FC-EC7BB0273BAB}"
EndProject
Project("{9A19103F-16F7-4668-BE54-9A1E7A4F7556}") = "R5T.T0034.X009", "..\..\R5T.T0034\source\R5T.T0034.X009\R5T.T0034.X009.csproj", "{1F5839CB-8276-4EC2-B3AE-78547475A702}"
EndProject
Project("{9A19103F-16F7-4668-BE54-9A1E7A4F7556}") = "R5T.X0003.X004", "..\..\R5T.X0003\source\R5T.X0003.X004\R5T.X0003.X004.csproj", "{8B02F3D9-F673-468E-9E7F-B4E34685F3E8}"
EndProject
Project("{9A19103F-16F7-4668-BE54-9A1E7A4F7556}") = "R5T.X0003", "..\..\R5T.X0003\source\R5T.X0003\R5T.X0003.csproj", "{9386C0BB-BD5B-4019-857B-745049FFD68C}"
EndProject
Project("{9A19103F-16F7-4668-BE54-9A1E7A4F7556}") = "R5T.T0036.X004", "..\..\R5T.T0036\source\R5T.T0036.X004\R5T.T0036.X004.csproj", "{1833DB39-81AC-4176-8403-20F3ECD255A9}"
EndProject
Global
	GlobalSection(SolutionConfigurationPlatforms) = preSolution
		Debug|Any CPU = Debug|Any CPU
		Debug|x64 = Debug|x64
		Debug|x86 = Debug|x86
		Release|Any CPU = Release|Any CPU
		Release|x64 = Release|x64
		Release|x86 = Release|x86
	EndGlobalSection
	GlobalSection(ProjectConfigurationPlatforms) = postSolution
		{AF6AB551-CBA3-4B21-80C8-71E3CE1BC44E}.Debug|Any CPU.ActiveCfg = Debug|Any CPU
		{AF6AB551-CBA3-4B21-80C8-71E3CE1BC44E}.Debug|Any CPU.Build.0 = Debug|Any CPU
		{AF6AB551-CBA3-4B21-80C8-71E3CE1BC44E}.Debug|x64.ActiveCfg = Debug|Any CPU
		{AF6AB551-CBA3-4B21-80C8-71E3CE1BC44E}.Debug|x64.Build.0 = Debug|Any CPU
		{AF6AB551-CBA3-4B21-80C8-71E3CE1BC44E}.Debug|x86.ActiveCfg = Debug|Any CPU
		{AF6AB551-CBA3-4B21-80C8-71E3CE1BC44E}.Debug|x86.Build.0 = Debug|Any CPU
		{AF6AB551-CBA3-4B21-80C8-71E3CE1BC44E}.Release|Any CPU.ActiveCfg = Release|Any CPU
		{AF6AB551-CBA3-4B21-80C8-71E3CE1BC44E}.Release|Any CPU.Build.0 = Release|Any CPU
		{AF6AB551-CBA3-4B21-80C8-71E3CE1BC44E}.Release|x64.ActiveCfg = Release|Any CPU
		{AF6AB551-CBA3-4B21-80C8-71E3CE1BC44E}.Release|x64.Build.0 = Release|Any CPU
		{AF6AB551-CBA3-4B21-80C8-71E3CE1BC44E}.Release|x86.ActiveCfg = Release|Any CPU
		{AF6AB551-CBA3-4B21-80C8-71E3CE1BC44E}.Release|x86.Build.0 = Release|Any CPU
		{AD0DB34B-569E-4F75-9177-D053017DE39F}.Debug|Any CPU.ActiveCfg = Debug|Any CPU
		{AD0DB34B-569E-4F75-9177-D053017DE39F}.Debug|Any CPU.Build.0 = Debug|Any CPU
		{AD0DB34B-569E-4F75-9177-D053017DE39F}.Debug|x64.ActiveCfg = Debug|Any CPU
		{AD0DB34B-569E-4F75-9177-D053017DE39F}.Debug|x64.Build.0 = Debug|Any CPU
		{AD0DB34B-569E-4F75-9177-D053017DE39F}.Debug|x86.ActiveCfg = Debug|Any CPU
		{AD0DB34B-569E-4F75-9177-D053017DE39F}.Debug|x86.Build.0 = Debug|Any CPU
		{AD0DB34B-569E-4F75-9177-D053017DE39F}.Release|Any CPU.ActiveCfg = Release|Any CPU
		{AD0DB34B-569E-4F75-9177-D053017DE39F}.Release|Any CPU.Build.0 = Release|Any CPU
		{AD0DB34B-569E-4F75-9177-D053017DE39F}.Release|x64.ActiveCfg = Release|Any CPU
		{AD0DB34B-569E-4F75-9177-D053017DE39F}.Release|x64.Build.0 = Release|Any CPU
		{AD0DB34B-569E-4F75-9177-D053017DE39F}.Release|x86.ActiveCfg = Release|Any CPU
		{AD0DB34B-569E-4F75-9177-D053017DE39F}.Release|x86.Build.0 = Release|Any CPU
		{8A60FC7B-BE44-4D0B-9B23-FF58EF65D58F}.Debug|Any CPU.ActiveCfg = Debug|Any CPU
		{8A60FC7B-BE44-4D0B-9B23-FF58EF65D58F}.Debug|Any CPU.Build.0 = Debug|Any CPU
		{8A60FC7B-BE44-4D0B-9B23-FF58EF65D58F}.Debug|x64.ActiveCfg = Debug|Any CPU
		{8A60FC7B-BE44-4D0B-9B23-FF58EF65D58F}.Debug|x64.Build.0 = Debug|Any CPU
		{8A60FC7B-BE44-4D0B-9B23-FF58EF65D58F}.Debug|x86.ActiveCfg = Debug|Any CPU
		{8A60FC7B-BE44-4D0B-9B23-FF58EF65D58F}.Debug|x86.Build.0 = Debug|Any CPU
		{8A60FC7B-BE44-4D0B-9B23-FF58EF65D58F}.Release|Any CPU.ActiveCfg = Release|Any CPU
		{8A60FC7B-BE44-4D0B-9B23-FF58EF65D58F}.Release|Any CPU.Build.0 = Release|Any CPU
		{8A60FC7B-BE44-4D0B-9B23-FF58EF65D58F}.Release|x64.ActiveCfg = Release|Any CPU
		{8A60FC7B-BE44-4D0B-9B23-FF58EF65D58F}.Release|x64.Build.0 = Release|Any CPU
		{8A60FC7B-BE44-4D0B-9B23-FF58EF65D58F}.Release|x86.ActiveCfg = Release|Any CPU
		{8A60FC7B-BE44-4D0B-9B23-FF58EF65D58F}.Release|x86.Build.0 = Release|Any CPU
		{4F374836-4A4D-4CD9-B3E9-3D380865F2D7}.Debug|Any CPU.ActiveCfg = Debug|Any CPU
		{4F374836-4A4D-4CD9-B3E9-3D380865F2D7}.Debug|Any CPU.Build.0 = Debug|Any CPU
		{4F374836-4A4D-4CD9-B3E9-3D380865F2D7}.Debug|x64.ActiveCfg = Debug|Any CPU
		{4F374836-4A4D-4CD9-B3E9-3D380865F2D7}.Debug|x64.Build.0 = Debug|Any CPU
		{4F374836-4A4D-4CD9-B3E9-3D380865F2D7}.Debug|x86.ActiveCfg = Debug|Any CPU
		{4F374836-4A4D-4CD9-B3E9-3D380865F2D7}.Debug|x86.Build.0 = Debug|Any CPU
		{4F374836-4A4D-4CD9-B3E9-3D380865F2D7}.Release|Any CPU.ActiveCfg = Release|Any CPU
		{4F374836-4A4D-4CD9-B3E9-3D380865F2D7}.Release|Any CPU.Build.0 = Release|Any CPU
		{4F374836-4A4D-4CD9-B3E9-3D380865F2D7}.Release|x64.ActiveCfg = Release|Any CPU
		{4F374836-4A4D-4CD9-B3E9-3D380865F2D7}.Release|x64.Build.0 = Release|Any CPU
		{4F374836-4A4D-4CD9-B3E9-3D380865F2D7}.Release|x86.ActiveCfg = Release|Any CPU
		{4F374836-4A4D-4CD9-B3E9-3D380865F2D7}.Release|x86.Build.0 = Release|Any CPU
		{100B2F0D-B66F-474F-9A03-D6C0A94072FA}.Debug|Any CPU.ActiveCfg = Debug|Any CPU
		{100B2F0D-B66F-474F-9A03-D6C0A94072FA}.Debug|Any CPU.Build.0 = Debug|Any CPU
		{100B2F0D-B66F-474F-9A03-D6C0A94072FA}.Debug|x64.ActiveCfg = Debug|Any CPU
		{100B2F0D-B66F-474F-9A03-D6C0A94072FA}.Debug|x64.Build.0 = Debug|Any CPU
		{100B2F0D-B66F-474F-9A03-D6C0A94072FA}.Debug|x86.ActiveCfg = Debug|Any CPU
		{100B2F0D-B66F-474F-9A03-D6C0A94072FA}.Debug|x86.Build.0 = Debug|Any CPU
		{100B2F0D-B66F-474F-9A03-D6C0A94072FA}.Release|Any CPU.ActiveCfg = Release|Any CPU
		{100B2F0D-B66F-474F-9A03-D6C0A94072FA}.Release|Any CPU.Build.0 = Release|Any CPU
		{100B2F0D-B66F-474F-9A03-D6C0A94072FA}.Release|x64.ActiveCfg = Release|Any CPU
		{100B2F0D-B66F-474F-9A03-D6C0A94072FA}.Release|x64.Build.0 = Release|Any CPU
		{100B2F0D-B66F-474F-9A03-D6C0A94072FA}.Release|x86.ActiveCfg = Release|Any CPU
		{100B2F0D-B66F-474F-9A03-D6C0A94072FA}.Release|x86.Build.0 = Release|Any CPU
		{C6FCEA91-DFE1-439D-8C00-66BDDF999FB7}.Debug|Any CPU.ActiveCfg = Debug|Any CPU
		{C6FCEA91-DFE1-439D-8C00-66BDDF999FB7}.Debug|Any CPU.Build.0 = Debug|Any CPU
		{C6FCEA91-DFE1-439D-8C00-66BDDF999FB7}.Debug|x64.ActiveCfg = Debug|Any CPU
		{C6FCEA91-DFE1-439D-8C00-66BDDF999FB7}.Debug|x64.Build.0 = Debug|Any CPU
		{C6FCEA91-DFE1-439D-8C00-66BDDF999FB7}.Debug|x86.ActiveCfg = Debug|Any CPU
		{C6FCEA91-DFE1-439D-8C00-66BDDF999FB7}.Debug|x86.Build.0 = Debug|Any CPU
		{C6FCEA91-DFE1-439D-8C00-66BDDF999FB7}.Release|Any CPU.ActiveCfg = Release|Any CPU
		{C6FCEA91-DFE1-439D-8C00-66BDDF999FB7}.Release|Any CPU.Build.0 = Release|Any CPU
		{C6FCEA91-DFE1-439D-8C00-66BDDF999FB7}.Release|x64.ActiveCfg = Release|Any CPU
		{C6FCEA91-DFE1-439D-8C00-66BDDF999FB7}.Release|x64.Build.0 = Release|Any CPU
		{C6FCEA91-DFE1-439D-8C00-66BDDF999FB7}.Release|x86.ActiveCfg = Release|Any CPU
		{C6FCEA91-DFE1-439D-8C00-66BDDF999FB7}.Release|x86.Build.0 = Release|Any CPU
		{C61DC4AC-590E-4C1F-8CD6-12A15EDF5745}.Debug|Any CPU.ActiveCfg = Debug|Any CPU
		{C61DC4AC-590E-4C1F-8CD6-12A15EDF5745}.Debug|Any CPU.Build.0 = Debug|Any CPU
		{C61DC4AC-590E-4C1F-8CD6-12A15EDF5745}.Debug|x64.ActiveCfg = Debug|Any CPU
		{C61DC4AC-590E-4C1F-8CD6-12A15EDF5745}.Debug|x64.Build.0 = Debug|Any CPU
		{C61DC4AC-590E-4C1F-8CD6-12A15EDF5745}.Debug|x86.ActiveCfg = Debug|Any CPU
		{C61DC4AC-590E-4C1F-8CD6-12A15EDF5745}.Debug|x86.Build.0 = Debug|Any CPU
		{C61DC4AC-590E-4C1F-8CD6-12A15EDF5745}.Release|Any CPU.ActiveCfg = Release|Any CPU
		{C61DC4AC-590E-4C1F-8CD6-12A15EDF5745}.Release|Any CPU.Build.0 = Release|Any CPU
		{C61DC4AC-590E-4C1F-8CD6-12A15EDF5745}.Release|x64.ActiveCfg = Release|Any CPU
		{C61DC4AC-590E-4C1F-8CD6-12A15EDF5745}.Release|x64.Build.0 = Release|Any CPU
		{C61DC4AC-590E-4C1F-8CD6-12A15EDF5745}.Release|x86.ActiveCfg = Release|Any CPU
		{C61DC4AC-590E-4C1F-8CD6-12A15EDF5745}.Release|x86.Build.0 = Release|Any CPU
		{BAC41CE2-9EAD-42F8-9F5D-BA42627A033B}.Debug|Any CPU.ActiveCfg = Debug|Any CPU
		{BAC41CE2-9EAD-42F8-9F5D-BA42627A033B}.Debug|Any CPU.Build.0 = Debug|Any CPU
		{BAC41CE2-9EAD-42F8-9F5D-BA42627A033B}.Debug|x64.ActiveCfg = Debug|Any CPU
		{BAC41CE2-9EAD-42F8-9F5D-BA42627A033B}.Debug|x64.Build.0 = Debug|Any CPU
		{BAC41CE2-9EAD-42F8-9F5D-BA42627A033B}.Debug|x86.ActiveCfg = Debug|Any CPU
		{BAC41CE2-9EAD-42F8-9F5D-BA42627A033B}.Debug|x86.Build.0 = Debug|Any CPU
		{BAC41CE2-9EAD-42F8-9F5D-BA42627A033B}.Release|Any CPU.ActiveCfg = Release|Any CPU
		{BAC41CE2-9EAD-42F8-9F5D-BA42627A033B}.Release|Any CPU.Build.0 = Release|Any CPU
		{BAC41CE2-9EAD-42F8-9F5D-BA42627A033B}.Release|x64.ActiveCfg = Release|Any CPU
		{BAC41CE2-9EAD-42F8-9F5D-BA42627A033B}.Release|x64.Build.0 = Release|Any CPU
		{BAC41CE2-9EAD-42F8-9F5D-BA42627A033B}.Release|x86.ActiveCfg = Release|Any CPU
		{BAC41CE2-9EAD-42F8-9F5D-BA42627A033B}.Release|x86.Build.0 = Release|Any CPU
		{68BDE743-8A71-4942-ABAD-247DA62B4579}.Debug|Any CPU.ActiveCfg = Debug|Any CPU
		{68BDE743-8A71-4942-ABAD-247DA62B4579}.Debug|Any CPU.Build.0 = Debug|Any CPU
		{68BDE743-8A71-4942-ABAD-247DA62B4579}.Debug|x64.ActiveCfg = Debug|Any CPU
		{68BDE743-8A71-4942-ABAD-247DA62B4579}.Debug|x64.Build.0 = Debug|Any CPU
		{68BDE743-8A71-4942-ABAD-247DA62B4579}.Debug|x86.ActiveCfg = Debug|Any CPU
		{68BDE743-8A71-4942-ABAD-247DA62B4579}.Debug|x86.Build.0 = Debug|Any CPU
		{68BDE743-8A71-4942-ABAD-247DA62B4579}.Release|Any CPU.ActiveCfg = Release|Any CPU
		{68BDE743-8A71-4942-ABAD-247DA62B4579}.Release|Any CPU.Build.0 = Release|Any CPU
		{68BDE743-8A71-4942-ABAD-247DA62B4579}.Release|x64.ActiveCfg = Release|Any CPU
		{68BDE743-8A71-4942-ABAD-247DA62B4579}.Release|x64.Build.0 = Release|Any CPU
		{68BDE743-8A71-4942-ABAD-247DA62B4579}.Release|x86.ActiveCfg = Release|Any CPU
		{68BDE743-8A71-4942-ABAD-247DA62B4579}.Release|x86.Build.0 = Release|Any CPU
		{BDD46D05-533B-47B1-8F15-315452EC1D46}.Debug|Any CPU.ActiveCfg = Debug|Any CPU
		{BDD46D05-533B-47B1-8F15-315452EC1D46}.Debug|Any CPU.Build.0 = Debug|Any CPU
		{BDD46D05-533B-47B1-8F15-315452EC1D46}.Debug|x64.ActiveCfg = Debug|Any CPU
		{BDD46D05-533B-47B1-8F15-315452EC1D46}.Debug|x64.Build.0 = Debug|Any CPU
		{BDD46D05-533B-47B1-8F15-315452EC1D46}.Debug|x86.ActiveCfg = Debug|Any CPU
		{BDD46D05-533B-47B1-8F15-315452EC1D46}.Debug|x86.Build.0 = Debug|Any CPU
		{BDD46D05-533B-47B1-8F15-315452EC1D46}.Release|Any CPU.ActiveCfg = Release|Any CPU
		{BDD46D05-533B-47B1-8F15-315452EC1D46}.Release|Any CPU.Build.0 = Release|Any CPU
		{BDD46D05-533B-47B1-8F15-315452EC1D46}.Release|x64.ActiveCfg = Release|Any CPU
		{BDD46D05-533B-47B1-8F15-315452EC1D46}.Release|x64.Build.0 = Release|Any CPU
		{BDD46D05-533B-47B1-8F15-315452EC1D46}.Release|x86.ActiveCfg = Release|Any CPU
		{BDD46D05-533B-47B1-8F15-315452EC1D46}.Release|x86.Build.0 = Release|Any CPU
		{1BF2762A-74AC-4256-AD9D-1E213AA0EDB1}.Debug|Any CPU.ActiveCfg = Debug|Any CPU
		{1BF2762A-74AC-4256-AD9D-1E213AA0EDB1}.Debug|Any CPU.Build.0 = Debug|Any CPU
		{1BF2762A-74AC-4256-AD9D-1E213AA0EDB1}.Debug|x64.ActiveCfg = Debug|Any CPU
		{1BF2762A-74AC-4256-AD9D-1E213AA0EDB1}.Debug|x64.Build.0 = Debug|Any CPU
		{1BF2762A-74AC-4256-AD9D-1E213AA0EDB1}.Debug|x86.ActiveCfg = Debug|Any CPU
		{1BF2762A-74AC-4256-AD9D-1E213AA0EDB1}.Debug|x86.Build.0 = Debug|Any CPU
		{1BF2762A-74AC-4256-AD9D-1E213AA0EDB1}.Release|Any CPU.ActiveCfg = Release|Any CPU
		{1BF2762A-74AC-4256-AD9D-1E213AA0EDB1}.Release|Any CPU.Build.0 = Release|Any CPU
		{1BF2762A-74AC-4256-AD9D-1E213AA0EDB1}.Release|x64.ActiveCfg = Release|Any CPU
		{1BF2762A-74AC-4256-AD9D-1E213AA0EDB1}.Release|x64.Build.0 = Release|Any CPU
		{1BF2762A-74AC-4256-AD9D-1E213AA0EDB1}.Release|x86.ActiveCfg = Release|Any CPU
		{1BF2762A-74AC-4256-AD9D-1E213AA0EDB1}.Release|x86.Build.0 = Release|Any CPU
		{C51376DD-7DBB-40D4-ADBD-AA46B0904C12}.Debug|Any CPU.ActiveCfg = Debug|Any CPU
		{C51376DD-7DBB-40D4-ADBD-AA46B0904C12}.Debug|Any CPU.Build.0 = Debug|Any CPU
		{C51376DD-7DBB-40D4-ADBD-AA46B0904C12}.Debug|x64.ActiveCfg = Debug|Any CPU
		{C51376DD-7DBB-40D4-ADBD-AA46B0904C12}.Debug|x64.Build.0 = Debug|Any CPU
		{C51376DD-7DBB-40D4-ADBD-AA46B0904C12}.Debug|x86.ActiveCfg = Debug|Any CPU
		{C51376DD-7DBB-40D4-ADBD-AA46B0904C12}.Debug|x86.Build.0 = Debug|Any CPU
		{C51376DD-7DBB-40D4-ADBD-AA46B0904C12}.Release|Any CPU.ActiveCfg = Release|Any CPU
		{C51376DD-7DBB-40D4-ADBD-AA46B0904C12}.Release|Any CPU.Build.0 = Release|Any CPU
		{C51376DD-7DBB-40D4-ADBD-AA46B0904C12}.Release|x64.ActiveCfg = Release|Any CPU
		{C51376DD-7DBB-40D4-ADBD-AA46B0904C12}.Release|x64.Build.0 = Release|Any CPU
		{C51376DD-7DBB-40D4-ADBD-AA46B0904C12}.Release|x86.ActiveCfg = Release|Any CPU
		{C51376DD-7DBB-40D4-ADBD-AA46B0904C12}.Release|x86.Build.0 = Release|Any CPU
		{E5047FBD-E9BC-40D7-923B-E3E9AC19DD38}.Debug|Any CPU.ActiveCfg = Debug|Any CPU
		{E5047FBD-E9BC-40D7-923B-E3E9AC19DD38}.Debug|Any CPU.Build.0 = Debug|Any CPU
		{E5047FBD-E9BC-40D7-923B-E3E9AC19DD38}.Debug|x64.ActiveCfg = Debug|Any CPU
		{E5047FBD-E9BC-40D7-923B-E3E9AC19DD38}.Debug|x64.Build.0 = Debug|Any CPU
		{E5047FBD-E9BC-40D7-923B-E3E9AC19DD38}.Debug|x86.ActiveCfg = Debug|Any CPU
		{E5047FBD-E9BC-40D7-923B-E3E9AC19DD38}.Debug|x86.Build.0 = Debug|Any CPU
		{E5047FBD-E9BC-40D7-923B-E3E9AC19DD38}.Release|Any CPU.ActiveCfg = Release|Any CPU
		{E5047FBD-E9BC-40D7-923B-E3E9AC19DD38}.Release|Any CPU.Build.0 = Release|Any CPU
		{E5047FBD-E9BC-40D7-923B-E3E9AC19DD38}.Release|x64.ActiveCfg = Release|Any CPU
		{E5047FBD-E9BC-40D7-923B-E3E9AC19DD38}.Release|x64.Build.0 = Release|Any CPU
		{E5047FBD-E9BC-40D7-923B-E3E9AC19DD38}.Release|x86.ActiveCfg = Release|Any CPU
		{E5047FBD-E9BC-40D7-923B-E3E9AC19DD38}.Release|x86.Build.0 = Release|Any CPU
		{C9BCECE2-83C8-49AF-A585-BC1118EA3204}.Debug|Any CPU.ActiveCfg = Debug|Any CPU
		{C9BCECE2-83C8-49AF-A585-BC1118EA3204}.Debug|Any CPU.Build.0 = Debug|Any CPU
		{C9BCECE2-83C8-49AF-A585-BC1118EA3204}.Debug|x64.ActiveCfg = Debug|Any CPU
		{C9BCECE2-83C8-49AF-A585-BC1118EA3204}.Debug|x64.Build.0 = Debug|Any CPU
		{C9BCECE2-83C8-49AF-A585-BC1118EA3204}.Debug|x86.ActiveCfg = Debug|Any CPU
		{C9BCECE2-83C8-49AF-A585-BC1118EA3204}.Debug|x86.Build.0 = Debug|Any CPU
		{C9BCECE2-83C8-49AF-A585-BC1118EA3204}.Release|Any CPU.ActiveCfg = Release|Any CPU
		{C9BCECE2-83C8-49AF-A585-BC1118EA3204}.Release|Any CPU.Build.0 = Release|Any CPU
		{C9BCECE2-83C8-49AF-A585-BC1118EA3204}.Release|x64.ActiveCfg = Release|Any CPU
		{C9BCECE2-83C8-49AF-A585-BC1118EA3204}.Release|x64.Build.0 = Release|Any CPU
		{C9BCECE2-83C8-49AF-A585-BC1118EA3204}.Release|x86.ActiveCfg = Release|Any CPU
		{C9BCECE2-83C8-49AF-A585-BC1118EA3204}.Release|x86.Build.0 = Release|Any CPU
		{5EFE4B3D-002F-4F45-BE14-D70842D6D478}.Debug|Any CPU.ActiveCfg = Debug|Any CPU
		{5EFE4B3D-002F-4F45-BE14-D70842D6D478}.Debug|Any CPU.Build.0 = Debug|Any CPU
		{5EFE4B3D-002F-4F45-BE14-D70842D6D478}.Debug|x64.ActiveCfg = Debug|Any CPU
		{5EFE4B3D-002F-4F45-BE14-D70842D6D478}.Debug|x64.Build.0 = Debug|Any CPU
		{5EFE4B3D-002F-4F45-BE14-D70842D6D478}.Debug|x86.ActiveCfg = Debug|Any CPU
		{5EFE4B3D-002F-4F45-BE14-D70842D6D478}.Debug|x86.Build.0 = Debug|Any CPU
		{5EFE4B3D-002F-4F45-BE14-D70842D6D478}.Release|Any CPU.ActiveCfg = Release|Any CPU
		{5EFE4B3D-002F-4F45-BE14-D70842D6D478}.Release|Any CPU.Build.0 = Release|Any CPU
		{5EFE4B3D-002F-4F45-BE14-D70842D6D478}.Release|x64.ActiveCfg = Release|Any CPU
		{5EFE4B3D-002F-4F45-BE14-D70842D6D478}.Release|x64.Build.0 = Release|Any CPU
		{5EFE4B3D-002F-4F45-BE14-D70842D6D478}.Release|x86.ActiveCfg = Release|Any CPU
		{5EFE4B3D-002F-4F45-BE14-D70842D6D478}.Release|x86.Build.0 = Release|Any CPU
		{223AE38E-61DA-40AF-B50A-FDF100E9BBFE}.Debug|Any CPU.ActiveCfg = Debug|Any CPU
		{223AE38E-61DA-40AF-B50A-FDF100E9BBFE}.Debug|Any CPU.Build.0 = Debug|Any CPU
		{223AE38E-61DA-40AF-B50A-FDF100E9BBFE}.Debug|x64.ActiveCfg = Debug|Any CPU
		{223AE38E-61DA-40AF-B50A-FDF100E9BBFE}.Debug|x64.Build.0 = Debug|Any CPU
		{223AE38E-61DA-40AF-B50A-FDF100E9BBFE}.Debug|x86.ActiveCfg = Debug|Any CPU
		{223AE38E-61DA-40AF-B50A-FDF100E9BBFE}.Debug|x86.Build.0 = Debug|Any CPU
		{223AE38E-61DA-40AF-B50A-FDF100E9BBFE}.Release|Any CPU.ActiveCfg = Release|Any CPU
		{223AE38E-61DA-40AF-B50A-FDF100E9BBFE}.Release|Any CPU.Build.0 = Release|Any CPU
		{223AE38E-61DA-40AF-B50A-FDF100E9BBFE}.Release|x64.ActiveCfg = Release|Any CPU
		{223AE38E-61DA-40AF-B50A-FDF100E9BBFE}.Release|x64.Build.0 = Release|Any CPU
		{223AE38E-61DA-40AF-B50A-FDF100E9BBFE}.Release|x86.ActiveCfg = Release|Any CPU
		{223AE38E-61DA-40AF-B50A-FDF100E9BBFE}.Release|x86.Build.0 = Release|Any CPU
		{50E07AD9-B07E-496F-AE46-94129C64C33C}.Debug|Any CPU.ActiveCfg = Debug|Any CPU
		{50E07AD9-B07E-496F-AE46-94129C64C33C}.Debug|Any CPU.Build.0 = Debug|Any CPU
		{50E07AD9-B07E-496F-AE46-94129C64C33C}.Debug|x64.ActiveCfg = Debug|Any CPU
		{50E07AD9-B07E-496F-AE46-94129C64C33C}.Debug|x64.Build.0 = Debug|Any CPU
		{50E07AD9-B07E-496F-AE46-94129C64C33C}.Debug|x86.ActiveCfg = Debug|Any CPU
		{50E07AD9-B07E-496F-AE46-94129C64C33C}.Debug|x86.Build.0 = Debug|Any CPU
		{50E07AD9-B07E-496F-AE46-94129C64C33C}.Release|Any CPU.ActiveCfg = Release|Any CPU
		{50E07AD9-B07E-496F-AE46-94129C64C33C}.Release|Any CPU.Build.0 = Release|Any CPU
		{50E07AD9-B07E-496F-AE46-94129C64C33C}.Release|x64.ActiveCfg = Release|Any CPU
		{50E07AD9-B07E-496F-AE46-94129C64C33C}.Release|x64.Build.0 = Release|Any CPU
		{50E07AD9-B07E-496F-AE46-94129C64C33C}.Release|x86.ActiveCfg = Release|Any CPU
		{50E07AD9-B07E-496F-AE46-94129C64C33C}.Release|x86.Build.0 = Release|Any CPU
		{DB0E5B32-1CAF-4FCB-BFC8-DD696BB5FDAF}.Debug|Any CPU.ActiveCfg = Debug|Any CPU
		{DB0E5B32-1CAF-4FCB-BFC8-DD696BB5FDAF}.Debug|Any CPU.Build.0 = Debug|Any CPU
		{DB0E5B32-1CAF-4FCB-BFC8-DD696BB5FDAF}.Debug|x64.ActiveCfg = Debug|Any CPU
		{DB0E5B32-1CAF-4FCB-BFC8-DD696BB5FDAF}.Debug|x64.Build.0 = Debug|Any CPU
		{DB0E5B32-1CAF-4FCB-BFC8-DD696BB5FDAF}.Debug|x86.ActiveCfg = Debug|Any CPU
		{DB0E5B32-1CAF-4FCB-BFC8-DD696BB5FDAF}.Debug|x86.Build.0 = Debug|Any CPU
		{DB0E5B32-1CAF-4FCB-BFC8-DD696BB5FDAF}.Release|Any CPU.ActiveCfg = Release|Any CPU
		{DB0E5B32-1CAF-4FCB-BFC8-DD696BB5FDAF}.Release|Any CPU.Build.0 = Release|Any CPU
		{DB0E5B32-1CAF-4FCB-BFC8-DD696BB5FDAF}.Release|x64.ActiveCfg = Release|Any CPU
		{DB0E5B32-1CAF-4FCB-BFC8-DD696BB5FDAF}.Release|x64.Build.0 = Release|Any CPU
		{DB0E5B32-1CAF-4FCB-BFC8-DD696BB5FDAF}.Release|x86.ActiveCfg = Release|Any CPU
		{DB0E5B32-1CAF-4FCB-BFC8-DD696BB5FDAF}.Release|x86.Build.0 = Release|Any CPU
		{143E33EC-EFAE-4A77-B5FC-EC7BB0273BAB}.Debug|Any CPU.ActiveCfg = Debug|Any CPU
		{143E33EC-EFAE-4A77-B5FC-EC7BB0273BAB}.Debug|Any CPU.Build.0 = Debug|Any CPU
		{143E33EC-EFAE-4A77-B5FC-EC7BB0273BAB}.Debug|x64.ActiveCfg = Debug|Any CPU
		{143E33EC-EFAE-4A77-B5FC-EC7BB0273BAB}.Debug|x64.Build.0 = Debug|Any CPU
		{143E33EC-EFAE-4A77-B5FC-EC7BB0273BAB}.Debug|x86.ActiveCfg = Debug|Any CPU
		{143E33EC-EFAE-4A77-B5FC-EC7BB0273BAB}.Debug|x86.Build.0 = Debug|Any CPU
		{143E33EC-EFAE-4A77-B5FC-EC7BB0273BAB}.Release|Any CPU.ActiveCfg = Release|Any CPU
		{143E33EC-EFAE-4A77-B5FC-EC7BB0273BAB}.Release|Any CPU.Build.0 = Release|Any CPU
		{143E33EC-EFAE-4A77-B5FC-EC7BB0273BAB}.Release|x64.ActiveCfg = Release|Any CPU
		{143E33EC-EFAE-4A77-B5FC-EC7BB0273BAB}.Release|x64.Build.0 = Release|Any CPU
		{143E33EC-EFAE-4A77-B5FC-EC7BB0273BAB}.Release|x86.ActiveCfg = Release|Any CPU
		{143E33EC-EFAE-4A77-B5FC-EC7BB0273BAB}.Release|x86.Build.0 = Release|Any CPU
		{1F5839CB-8276-4EC2-B3AE-78547475A702}.Debug|Any CPU.ActiveCfg = Debug|Any CPU
		{1F5839CB-8276-4EC2-B3AE-78547475A702}.Debug|Any CPU.Build.0 = Debug|Any CPU
		{1F5839CB-8276-4EC2-B3AE-78547475A702}.Debug|x64.ActiveCfg = Debug|Any CPU
		{1F5839CB-8276-4EC2-B3AE-78547475A702}.Debug|x64.Build.0 = Debug|Any CPU
		{1F5839CB-8276-4EC2-B3AE-78547475A702}.Debug|x86.ActiveCfg = Debug|Any CPU
		{1F5839CB-8276-4EC2-B3AE-78547475A702}.Debug|x86.Build.0 = Debug|Any CPU
		{1F5839CB-8276-4EC2-B3AE-78547475A702}.Release|Any CPU.ActiveCfg = Release|Any CPU
		{1F5839CB-8276-4EC2-B3AE-78547475A702}.Release|Any CPU.Build.0 = Release|Any CPU
		{1F5839CB-8276-4EC2-B3AE-78547475A702}.Release|x64.ActiveCfg = Release|Any CPU
		{1F5839CB-8276-4EC2-B3AE-78547475A702}.Release|x64.Build.0 = Release|Any CPU
		{1F5839CB-8276-4EC2-B3AE-78547475A702}.Release|x86.ActiveCfg = Release|Any CPU
		{1F5839CB-8276-4EC2-B3AE-78547475A702}.Release|x86.Build.0 = Release|Any CPU
		{8B02F3D9-F673-468E-9E7F-B4E34685F3E8}.Debug|Any CPU.ActiveCfg = Debug|Any CPU
		{8B02F3D9-F673-468E-9E7F-B4E34685F3E8}.Debug|Any CPU.Build.0 = Debug|Any CPU
		{8B02F3D9-F673-468E-9E7F-B4E34685F3E8}.Debug|x64.ActiveCfg = Debug|Any CPU
		{8B02F3D9-F673-468E-9E7F-B4E34685F3E8}.Debug|x64.Build.0 = Debug|Any CPU
		{8B02F3D9-F673-468E-9E7F-B4E34685F3E8}.Debug|x86.ActiveCfg = Debug|Any CPU
		{8B02F3D9-F673-468E-9E7F-B4E34685F3E8}.Debug|x86.Build.0 = Debug|Any CPU
		{8B02F3D9-F673-468E-9E7F-B4E34685F3E8}.Release|Any CPU.ActiveCfg = Release|Any CPU
		{8B02F3D9-F673-468E-9E7F-B4E34685F3E8}.Release|Any CPU.Build.0 = Release|Any CPU
		{8B02F3D9-F673-468E-9E7F-B4E34685F3E8}.Release|x64.ActiveCfg = Release|Any CPU
		{8B02F3D9-F673-468E-9E7F-B4E34685F3E8}.Release|x64.Build.0 = Release|Any CPU
		{8B02F3D9-F673-468E-9E7F-B4E34685F3E8}.Release|x86.ActiveCfg = Release|Any CPU
		{8B02F3D9-F673-468E-9E7F-B4E34685F3E8}.Release|x86.Build.0 = Release|Any CPU
		{9386C0BB-BD5B-4019-857B-745049FFD68C}.Debug|Any CPU.ActiveCfg = Debug|Any CPU
		{9386C0BB-BD5B-4019-857B-745049FFD68C}.Debug|Any CPU.Build.0 = Debug|Any CPU
		{9386C0BB-BD5B-4019-857B-745049FFD68C}.Debug|x64.ActiveCfg = Debug|Any CPU
		{9386C0BB-BD5B-4019-857B-745049FFD68C}.Debug|x64.Build.0 = Debug|Any CPU
		{9386C0BB-BD5B-4019-857B-745049FFD68C}.Debug|x86.ActiveCfg = Debug|Any CPU
		{9386C0BB-BD5B-4019-857B-745049FFD68C}.Debug|x86.Build.0 = Debug|Any CPU
		{9386C0BB-BD5B-4019-857B-745049FFD68C}.Release|Any CPU.ActiveCfg = Release|Any CPU
		{9386C0BB-BD5B-4019-857B-745049FFD68C}.Release|Any CPU.Build.0 = Release|Any CPU
		{9386C0BB-BD5B-4019-857B-745049FFD68C}.Release|x64.ActiveCfg = Release|Any CPU
		{9386C0BB-BD5B-4019-857B-745049FFD68C}.Release|x64.Build.0 = Release|Any CPU
		{9386C0BB-BD5B-4019-857B-745049FFD68C}.Release|x86.ActiveCfg = Release|Any CPU
		{9386C0BB-BD5B-4019-857B-745049FFD68C}.Release|x86.Build.0 = Release|Any CPU
		{1833DB39-81AC-4176-8403-20F3ECD255A9}.Debug|Any CPU.ActiveCfg = Debug|Any CPU
		{1833DB39-81AC-4176-8403-20F3ECD255A9}.Debug|Any CPU.Build.0 = Debug|Any CPU
		{1833DB39-81AC-4176-8403-20F3ECD255A9}.Debug|x64.ActiveCfg = Debug|Any CPU
		{1833DB39-81AC-4176-8403-20F3ECD255A9}.Debug|x64.Build.0 = Debug|Any CPU
		{1833DB39-81AC-4176-8403-20F3ECD255A9}.Debug|x86.ActiveCfg = Debug|Any CPU
		{1833DB39-81AC-4176-8403-20F3ECD255A9}.Debug|x86.Build.0 = Debug|Any CPU
		{1833DB39-81AC-4176-8403-20F3ECD255A9}.Release|Any CPU.ActiveCfg = Release|Any CPU
		{1833DB39-81AC-4176-8403-20F3ECD255A9}.Release|Any CPU.Build.0 = Release|Any CPU
		{1833DB39-81AC-4176-8403-20F3ECD255A9}.Release|x64.ActiveCfg = Release|Any CPU
		{1833DB39-81AC-4176-8403-20F3ECD255A9}.Release|x64.Build.0 = Release|Any CPU
		{1833DB39-81AC-4176-8403-20F3ECD255A9}.Release|x86.ActiveCfg = Release|Any CPU
		{1833DB39-81AC-4176-8403-20F3ECD255A9}.Release|x86.Build.0 = Release|Any CPU
	EndGlobalSection
	GlobalSection(SolutionProperties) = preSolution
		HideSolutionNode = FALSE
	EndGlobalSection
	GlobalSection(NestedProjects) = preSolution
		{8A60FC7B-BE44-4D0B-9B23-FF58EF65D58F} = {696B3A92-F44E-44B3-8225-4A0E3C3E33AE}
		{4F374836-4A4D-4CD9-B3E9-3D380865F2D7} = {696B3A92-F44E-44B3-8225-4A0E3C3E33AE}
		{100B2F0D-B66F-474F-9A03-D6C0A94072FA} = {696B3A92-F44E-44B3-8225-4A0E3C3E33AE}
		{C6FCEA91-DFE1-439D-8C00-66BDDF999FB7} = {696B3A92-F44E-44B3-8225-4A0E3C3E33AE}
		{C61DC4AC-590E-4C1F-8CD6-12A15EDF5745} = {696B3A92-F44E-44B3-8225-4A0E3C3E33AE}
		{BAC41CE2-9EAD-42F8-9F5D-BA42627A033B} = {696B3A92-F44E-44B3-8225-4A0E3C3E33AE}
		{BDD46D05-533B-47B1-8F15-315452EC1D46} = {696B3A92-F44E-44B3-8225-4A0E3C3E33AE}
		{1BF2762A-74AC-4256-AD9D-1E213AA0EDB1} = {696B3A92-F44E-44B3-8225-4A0E3C3E33AE}
		{C51376DD-7DBB-40D4-ADBD-AA46B0904C12} = {696B3A92-F44E-44B3-8225-4A0E3C3E33AE}
		{E5047FBD-E9BC-40D7-923B-E3E9AC19DD38} = {696B3A92-F44E-44B3-8225-4A0E3C3E33AE}
		{C9BCECE2-83C8-49AF-A585-BC1118EA3204} = {696B3A92-F44E-44B3-8225-4A0E3C3E33AE}
		{5EFE4B3D-002F-4F45-BE14-D70842D6D478} = {696B3A92-F44E-44B3-8225-4A0E3C3E33AE}
		{223AE38E-61DA-40AF-B50A-FDF100E9BBFE} = {696B3A92-F44E-44B3-8225-4A0E3C3E33AE}
		{50E07AD9-B07E-496F-AE46-94129C64C33C} = {696B3A92-F44E-44B3-8225-4A0E3C3E33AE}
		{DB0E5B32-1CAF-4FCB-BFC8-DD696BB5FDAF} = {696B3A92-F44E-44B3-8225-4A0E3C3E33AE}
		{143E33EC-EFAE-4A77-B5FC-EC7BB0273BAB} = {696B3A92-F44E-44B3-8225-4A0E3C3E33AE}
		{1F5839CB-8276-4EC2-B3AE-78547475A702} = {696B3A92-F44E-44B3-8225-4A0E3C3E33AE}
		{8B02F3D9-F673-468E-9E7F-B4E34685F3E8} = {696B3A92-F44E-44B3-8225-4A0E3C3E33AE}
		{9386C0BB-BD5B-4019-857B-745049FFD68C} = {696B3A92-F44E-44B3-8225-4A0E3C3E33AE}
		{1833DB39-81AC-4176-8403-20F3ECD255A9} = {696B3A92-F44E-44B3-8225-4A0E3C3E33AE}
	EndGlobalSection
	GlobalSection(ExtensibilityGlobals) = postSolution
		SolutionGuid = {D9058ED6-881E-4B81-BB7C-C590190CB112}
	EndGlobalSection
EndGlobal
